{
  "name": "neutron-aave-contract-fixture",
  "lockfileVersion": 3,
  "requires": true,
  "packages": {
    "": {
      "name": "neutron-aave-contract-fixture",
      "license": "LicenseRef-Neutron-Sovereign-Application-Use-License-1.0",
      "dependencies": {
        "@foundry-rs/anvil": "1.7.1"
      }
    },
    "node_modules/@foundry-rs/anvil": {
      "version": "1.7.1",
      "resolved": "https://registry.npmjs.org/@foundry-rs/anvil/-/anvil-1.7.1.tgz",
      "integrity": "sha512-rcy+hu8e90DNizfh5WpbJjMiadgDBtV3JHe2M6OsdmIzoDH77Gk0sVgNxr7LnBiKpkzt6pV2XEOI7XMXmJo1Kg==",
      "hasInstallScript": true,
      "license": "MIT OR Apache-2.0",
      "bin": {
        "anvil": "bin.mjs"
      },
      "optionalDependencies": {
        "@foundry-rs/anvil-darwin-amd64": "1.7.1",
        "@foundry-rs/anvil-darwin-arm64": "1.7.1",
        "@foundry-rs/anvil-linux-amd64": "1.7.1",
        "@foundry-rs/anvil-linux-arm64": "1.7.1",
        "@foundry-rs/anvil-win32-amd64": "1.7.1"
      }
    },
    "node_modules/@foundry-rs/anvil-darwin-amd64": {
      "version": "1.7.1",
      "resolved": "https://registry.npmjs.org/@foundry-rs/anvil-darwin-amd64/-/anvil-darwin-amd64-1.7.1.tgz",
      "integrity": "sha512-OgwzwY+FsGrsPyDv4mmbhOwARO8s37YHrm2qaNzgSH4VlKnXgJCrnoT7bpgOhLyBPtxXjBT8L2E3b79deesXRg==",
      "cpu": [
        "x64"
      ],
      "license": "MIT OR Apache-2.0",
      "optional": true,
      "os": [
        "darwin"
      ],
      "bin": {
        "anvil": "bin/anvil"
      },
      "engines": {
        "node": ">=20"
      }
    },
    "node_modules/@foundry-rs/anvil-darwin-arm64": {
      "version": "1.7.1",
      "resolved": "https://registry.npmjs.org/@foundry-rs/anvil-darwin-arm64/-/anvil-darwin-arm64-1.7.1.tgz",
      "integrity": "sha512-JNeu3+A3f/npXLn8SR8EahVcqE7BpO9VQZMcPvSIy27/RNc1GsoEBvSLR99aSvt8sGKWAgNg/EzrtjAPq6mxcA==",
      "cpu": [
        "arm64"
      ],
      "license": "MIT OR Apache-2.0",
      "optional": true,
      "os": [
        "darwin"
      ],
      "bin": {
        "anvil": "bin/anvil"
      },
      "engines": {
        "node": ">=20"
      }
    },
    "node_modules/@foundry-rs/anvil-linux-amd64": {
      "version": "1.7.1",
      "resolved": "https://registry.npmjs.org/@foundry-rs/anvil-linux-amd64/-/anvil-linux-amd64-1.7.1.tgz",
      "integrity": "sha512-+XmShybEaxfCrr0OUUZwYEy2OnYZt5pHH9TzBtLv3+VrK0O/ANuNSVEahqNhKHlgX7GRJ59383ofNhxkRWIYTg==",
      "cpu": [
        "x64"
      ],
      "license": "MIT OR Apache-2.0",
      "optional": true,
      "os": [
        "linux"
      ],
      "bin": {
        "anvil": "bin/anvil"
      },
      "engines": {
        "node": ">=20"
      }
    },
    "node_modules/@foundry-rs/anvil-linux-arm64": {
      "version": "1.7.1",
      "resolved": "https://registry.npmjs.org/@foundry-rs/anvil-linux-arm64/-/anvil-linux-arm64-1.7.1.tgz",
      "integrity": "sha512-ykHJmFOGdBR8+9smOKBm9ZZDCCCkLQctiHOAddLvmYx9mPeBDMfq6jP51hKYsO5MG8ClPLSlWe+JpiXPjoXgBQ==",
      "cpu": [
        "arm64"
      ],
      "license": "MIT OR Apache-2.0",
      "optional": true,
      "os": [
        "linux"
      ],
      "bin": {
        "anvil": "bin/anvil"
      },
      "engines": {
        "node": ">=20"
      }
    },
    "node_modules/@foundry-rs/anvil-win32-amd64": {
      "version": "1.7.1",
      "resolved": "https://registry.npmjs.org/@foundry-rs/anvil-win32-amd64/-/anvil-win32-amd64-1.7.1.tgz",
      "integrity": "sha512-IeuBcmQ+AQKUxXA77czSVIfpST+KLBdXaL71JlK/h6e0DoP2CYnmVZn8WE/fuQfjAU2zaWw7PDXmq1kedbIUGA==",
      "cpu": [
        "x64"
      ],
      "license": "MIT OR Apache-2.0",
      "optional": true,
      "os": [
        "win32"
      ],
      "bin": {
        "anvil": "bin/anvil.exe"
      },
      "engines": {
        "node": ">=20"
      }
    }
  }
}
